
Microsoft Visual Studio Solution File, Format Version 12.00
# Visual Studio Version 16
VisualStudioVersion = 16.0.29728.190
MinimumVisualStudioVersion = 10.0.40219.1
Project("{FAE04EC0-301F-11D3-BF4B-00C04F79EFBC}") = "Membros-Estasticos", "Membros-Estasticos\Membros-Estasticos.csproj", "{5E21E802-7D54-4D31-9280-463EB7A8AA93}"
EndProject
Global
	GlobalSection(SolutionConfigurationPlatforms) = preSolution
		Debug|Any CPU = Debug|Any CPU
		Release|Any CPU = Release|Any CPU
	EndGlobalSection
	GlobalSection(ProjectConfigurationPlatforms) = postSolution
		{5E21E802-7D54-4D31-9280-463EB7A8AA93}.Debug|Any CPU.ActiveCfg = Debug|Any CPU
		{5E21E802-7D54-4D31-9280-463EB7A8AA93}.Debug|Any CPU.Build.0 = Debug|Any CPU
		{5E21E802-7D54-4D31-9280-463EB7A8AA93}.Release|Any CPU.ActiveCfg = Release|Any CPU
		{5E21E802-7D54-4D31-9280-463EB7A8AA93}.Release|Any CPU.Build.0 = Release|Any CPU
	EndGlobalSection
	GlobalSection(SolutionProperties) = preSolution
		HideSolutionNode = FALSE
	EndGlobalSection
	GlobalSection(ExtensibilityGlobals) = postSolution
		SolutionGuid = {66C9EBE1-E8F8-4CFB-BA81-F88E094B09B0}
	EndGlobalSection
EndGlobal
